
Microsoft Visual Studio Solution File, Format Version 12.00
# Visual Studio Version 17
VisualStudioVersion = 17.5.2.0
MinimumVisualStudioVersion = 10.0.40219.1
Project("{2150E333-8FDC-42A3-9474-1A3956D46DE8}") = "Vectores", "Vectores", "{CEFE507C-9A7D-8152-DDD5-0AC4BC64A30C}"
EndProject
Project("{FAE04EC0-301F-11D3-BF4B-00C04F79EFBC}") = "ejercicio-2", "Vectores\ejercicio-2\ejercicio-2.csproj", "{CD5933A2-7300-4413-B63C-BB9E58603FC1}"
EndProject
Project("{FAE04EC0-301F-11D3-BF4B-00C04F79EFBC}") = "ejercicio-3", "vectores\ejercicio-3\ejercicio-3.csproj", "{63BBD175-9AA3-4846-9A00-C80A48C7718C}"
EndProject
Project("{FAE04EC0-301F-11D3-BF4B-00C04F79EFBC}") = "ejercicio-4", "vectores\ejercicio-4\ejercicio-4.csproj", "{C9DE730E-8545-4943-AAC0-482616EE926B}"
EndProject
Project("{2150E333-8FDC-42A3-9474-1A3956D46DE8}") = "funciones", "funciones", "{83061FD3-D5A5-EA21-7A6E-BC2F698C0878}"
EndProject
Project("{FAE04EC0-301F-11D3-BF4B-00C04F79EFBC}") = "ejercicio-1", "funciones\ejercicio-1\ejercicio-1.csproj", "{0130E24C-6DE1-4851-B945-500B6689B2A5}"
EndProject
Project("{FAE04EC0-301F-11D3-BF4B-00C04F79EFBC}") = "ejercicio-3-while", "vectores\ejercicio-3-while\ejercicio-3-while.csproj", "{64D0ED33-9046-445A-93D3-61CF56CE07AE}"
EndProject
Project("{FAE04EC0-301F-11D3-BF4B-00C04F79EFBC}") = "ejercicio-2", "funciones\ejercicio-2\ejercicio-2.csproj", "{94077F6E-49CA-4301-A88C-FA42D67385F2}"
EndProject
Project("{FAE04EC0-301F-11D3-BF4B-00C04F79EFBC}") = "ejercicio-3", "funciones\ejercicio-3\ejercicio-3.csproj", "{9F41B234-B30D-484E-B0CE-A97ADD2D7D51}"
EndProject
Project("{FAE04EC0-301F-11D3-BF4B-00C04F79EFBC}") = "ejercicio-4", "funciones\ejercicio-4\ejercicio-4.csproj", "{3942C6E7-9560-414C-9B34-03C7C2C402A7}"
EndProject
Project("{2150E333-8FDC-42A3-9474-1A3956D46DE8}") = "lote de carga y proceso", "lote de carga y proceso", "{AFC96DD0-A731-F1CE-AF66-3AAC2EE83C7D}"
EndProject
Project("{FAE04EC0-301F-11D3-BF4B-00C04F79EFBC}") = "ejercicio 1", "lote de carga y proceso\ejercicio 1\ejercicio 1.csproj", "{2996E7D7-D122-4EF9-BB25-44C12AC2023A}"
EndProject
Global
	GlobalSection(SolutionConfigurationPlatforms) = preSolution
		Debug|Any CPU = Debug|Any CPU
		Debug|x64 = Debug|x64
		Debug|x86 = Debug|x86
		Release|Any CPU = Release|Any CPU
		Release|x64 = Release|x64
		Release|x86 = Release|x86
	EndGlobalSection
	GlobalSection(ProjectConfigurationPlatforms) = postSolution
		{CD5933A2-7300-4413-B63C-BB9E58603FC1}.Debug|Any CPU.ActiveCfg = Debug|Any CPU
		{CD5933A2-7300-4413-B63C-BB9E58603FC1}.Debug|Any CPU.Build.0 = Debug|Any CPU
		{CD5933A2-7300-4413-B63C-BB9E58603FC1}.Debug|x64.ActiveCfg = Debug|Any CPU
		{CD5933A2-7300-4413-B63C-BB9E58603FC1}.Debug|x64.Build.0 = Debug|Any CPU
		{CD5933A2-7300-4413-B63C-BB9E58603FC1}.Debug|x86.ActiveCfg = Debug|Any CPU
		{CD5933A2-7300-4413-B63C-BB9E58603FC1}.Debug|x86.Build.0 = Debug|Any CPU
		{CD5933A2-7300-4413-B63C-BB9E58603FC1}.Release|Any CPU.ActiveCfg = Release|Any CPU
		{CD5933A2-7300-4413-B63C-BB9E58603FC1}.Release|Any CPU.Build.0 = Release|Any CPU
		{CD5933A2-7300-4413-B63C-BB9E58603FC1}.Release|x64.ActiveCfg = Release|Any CPU
		{CD5933A2-7300-4413-B63C-BB9E58603FC1}.Release|x64.Build.0 = Release|Any CPU
		{CD5933A2-7300-4413-B63C-BB9E58603FC1}.Release|x86.ActiveCfg = Release|Any CPU
		{CD5933A2-7300-4413-B63C-BB9E58603FC1}.Release|x86.Build.0 = Release|Any CPU
		{63BBD175-9AA3-4846-9A00-C80A48C7718C}.Debug|Any CPU.ActiveCfg = Debug|Any CPU
		{63BBD175-9AA3-4846-9A00-C80A48C7718C}.Debug|Any CPU.Build.0 = Debug|Any CPU
		{63BBD175-9AA3-4846-9A00-C80A48C7718C}.Debug|x64.ActiveCfg = Debug|Any CPU
		{63BBD175-9AA3-4846-9A00-C80A48C7718C}.Debug|x64.Build.0 = Debug|Any CPU
		{63BBD175-9AA3-4846-9A00-C80A48C7718C}.Debug|x86.ActiveCfg = Debug|Any CPU
		{63BBD175-9AA3-4846-9A00-C80A48C7718C}.Debug|x86.Build.0 = Debug|Any CPU
		{63BBD175-9AA3-4846-9A00-C80A48C7718C}.Release|Any CPU.ActiveCfg = Release|Any CPU
		{63BBD175-9AA3-4846-9A00-C80A48C7718C}.Release|Any CPU.Build.0 = Release|Any CPU
		{63BBD175-9AA3-4846-9A00-C80A48C7718C}.Release|x64.ActiveCfg = Release|Any CPU
		{63BBD175-9AA3-4846-9A00-C80A48C7718C}.Release|x64.Build.0 = Release|Any CPU
		{63BBD175-9AA3-4846-9A00-C80A48C7718C}.Release|x86.ActiveCfg = Release|Any CPU
		{63BBD175-9AA3-4846-9A00-C80A48C7718C}.Release|x86.Build.0 = Release|Any CPU
		{C9DE730E-8545-4943-AAC0-482616EE926B}.Debug|Any CPU.ActiveCfg = Debug|Any CPU
		{C9DE730E-8545-4943-AAC0-482616EE926B}.Debug|Any CPU.Build.0 = Debug|Any CPU
		{C9DE730E-8545-4943-AAC0-482616EE926B}.Debug|x64.ActiveCfg = Debug|Any CPU
		{C9DE730E-8545-4943-AAC0-482616EE926B}.Debug|x64.Build.0 = Debug|Any CPU
		{C9DE730E-8545-4943-AAC0-482616EE926B}.Debug|x86.ActiveCfg = Debug|Any CPU
		{C9DE730E-8545-4943-AAC0-482616EE926B}.Debug|x86.Build.0 = Debug|Any CPU
		{C9DE730E-8545-4943-AAC0-482616EE926B}.Release|Any CPU.ActiveCfg = Release|Any CPU
		{C9DE730E-8545-4943-AAC0-482616EE926B}.Release|Any CPU.Build.0 = Release|Any CPU
		{C9DE730E-8545-4943-AAC0-482616EE926B}.Release|x64.ActiveCfg = Release|Any CPU
		{C9DE730E-8545-4943-AAC0-482616EE926B}.Release|x64.Build.0 = Release|Any CPU
		{C9DE730E-8545-4943-AAC0-482616EE926B}.Release|x86.ActiveCfg = Release|Any CPU
		{C9DE730E-8545-4943-AAC0-482616EE926B}.Release|x86.Build.0 = Release|Any CPU
		{0130E24C-6DE1-4851-B945-500B6689B2A5}.Debug|Any CPU.ActiveCfg = Debug|Any CPU
		{0130E24C-6DE1-4851-B945-500B6689B2A5}.Debug|Any CPU.Build.0 = Debug|Any CPU
		{0130E24C-6DE1-4851-B945-500B6689B2A5}.Debug|x64.ActiveCfg = Debug|Any CPU
		{0130E24C-6DE1-4851-B945-500B6689B2A5}.Debug|x64.Build.0 = Debug|Any CPU
		{0130E24C-6DE1-4851-B945-500B6689B2A5}.Debug|x86.ActiveCfg = Debug|Any CPU
		{0130E24C-6DE1-4851-B945-500B6689B2A5}.Debug|x86.Build.0 = Debug|Any CPU
		{0130E24C-6DE1-4851-B945-500B6689B2A5}.Release|Any CPU.ActiveCfg = Release|Any CPU
		{0130E24C-6DE1-4851-B945-500B6689B2A5}.Release|Any CPU.Build.0 = Release|Any CPU
		{0130E24C-6DE1-4851-B945-500B6689B2A5}.Release|x64.ActiveCfg = Release|Any CPU
		{0130E24C-6DE1-4851-B945-500B6689B2A5}.Release|x64.Build.0 = Release|Any CPU
		{0130E24C-6DE1-4851-B945-500B6689B2A5}.Release|x86.ActiveCfg = Release|Any CPU
		{0130E24C-6DE1-4851-B945-500B6689B2A5}.Release|x86.Build.0 = Release|Any CPU
		{64D0ED33-9046-445A-93D3-61CF56CE07AE}.Debug|Any CPU.ActiveCfg = Debug|Any CPU
		{64D0ED33-9046-445A-93D3-61CF56CE07AE}.Debug|Any CPU.Build.0 = Debug|Any CPU
		{64D0ED33-9046-445A-93D3-61CF56CE07AE}.Debug|x64.ActiveCfg = Debug|Any CPU
		{64D0ED33-9046-445A-93D3-61CF56CE07AE}.Debug|x64.Build.0 = Debug|Any CPU
		{64D0ED33-9046-445A-93D3-61CF56CE07AE}.Debug|x86.ActiveCfg = Debug|Any CPU
		{64D0ED33-9046-445A-93D3-61CF56CE07AE}.Debug|x86.Build.0 = Debug|Any CPU
		{64D0ED33-9046-445A-93D3-61CF56CE07AE}.Release|Any CPU.ActiveCfg = Release|Any CPU
		{64D0ED33-9046-445A-93D3-61CF56CE07AE}.Release|Any CPU.Build.0 = Release|Any CPU
		{64D0ED33-9046-445A-93D3-61CF56CE07AE}.Release|x64.ActiveCfg = Release|Any CPU
		{64D0ED33-9046-445A-93D3-61CF56CE07AE}.Release|x64.Build.0 = Release|Any CPU
		{64D0ED33-9046-445A-93D3-61CF56CE07AE}.Release|x86.ActiveCfg = Release|Any CPU
		{64D0ED33-9046-445A-93D3-61CF56CE07AE}.Release|x86.Build.0 = Release|Any CPU
		{94077F6E-49CA-4301-A88C-FA42D67385F2}.Debug|Any CPU.ActiveCfg = Debug|Any CPU
		{94077F6E-49CA-4301-A88C-FA42D67385F2}.Debug|Any CPU.Build.0 = Debug|Any CPU
		{94077F6E-49CA-4301-A88C-FA42D67385F2}.Debug|x64.ActiveCfg = Debug|Any CPU
		{94077F6E-49CA-4301-A88C-FA42D67385F2}.Debug|x64.Build.0 = Debug|Any CPU
		{94077F6E-49CA-4301-A88C-FA42D67385F2}.Debug|x86.ActiveCfg = Debug|Any CPU
		{94077F6E-49CA-4301-A88C-FA42D67385F2}.Debug|x86.Build.0 = Debug|Any CPU
		{94077F6E-49CA-4301-A88C-FA42D67385F2}.Release|Any CPU.ActiveCfg = Release|Any CPU
		{94077F6E-49CA-4301-A88C-FA42D67385F2}.Release|Any CPU.Build.0 = Release|Any CPU
		{94077F6E-49CA-4301-A88C-FA42D67385F2}.Release|x64.ActiveCfg = Release|Any CPU
		{94077F6E-49CA-4301-A88C-FA42D67385F2}.Release|x64.Build.0 = Release|Any CPU
		{94077F6E-49CA-4301-A88C-FA42D67385F2}.Release|x86.ActiveCfg = Release|Any CPU
		{94077F6E-49CA-4301-A88C-FA42D67385F2}.Release|x86.Build.0 = Release|Any CPU
		{9F41B234-B30D-484E-B0CE-A97ADD2D7D51}.Debug|Any CPU.ActiveCfg = Debug|Any CPU
		{9F41B234-B30D-484E-B0CE-A97ADD2D7D51}.Debug|Any CPU.Build.0 = Debug|Any CPU
		{9F41B234-B30D-484E-B0CE-A97ADD2D7D51}.Debug|x64.ActiveCfg = Debug|Any CPU
		{9F41B234-B30D-484E-B0CE-A97ADD2D7D51}.Debug|x64.Build.0 = Debug|Any CPU
		{9F41B234-B30D-484E-B0CE-A97ADD2D7D51}.Debug|x86.ActiveCfg = Debug|Any CPU
		{9F41B234-B30D-484E-B0CE-A97ADD2D7D51}.Debug|x86.Build.0 = Debug|Any CPU
		{9F41B234-B30D-484E-B0CE-A97ADD2D7D51}.Release|Any CPU.ActiveCfg = Release|Any CPU
		{9F41B234-B30D-484E-B0CE-A97ADD2D7D51}.Release|Any CPU.Build.0 = Release|Any CPU
		{9F41B234-B30D-484E-B0CE-A97ADD2D7D51}.Release|x64.ActiveCfg = Release|Any CPU
		{9F41B234-B30D-484E-B0CE-A97ADD2D7D51}.Release|x64.Build.0 = Release|Any CPU
		{9F41B234-B30D-484E-B0CE-A97ADD2D7D51}.Release|x86.ActiveCfg = Release|Any CPU
		{9F41B234-B30D-484E-B0CE-A97ADD2D7D51}.Release|x86.Build.0 = Release|Any CPU
		{3942C6E7-9560-414C-9B34-03C7C2C402A7}.Debug|Any CPU.ActiveCfg = Debug|Any CPU
		{3942C6E7-9560-414C-9B34-03C7C2C402A7}.Debug|Any CPU.Build.0 = Debug|Any CPU
		{3942C6E7-9560-414C-9B34-03C7C2C402A7}.Debug|x64.ActiveCfg = Debug|Any CPU
		{3942C6E7-9560-414C-9B34-03C7C2C402A7}.Debug|x64.Build.0 = Debug|Any CPU
		{3942C6E7-9560-414C-9B34-03C7C2C402A7}.Debug|x86.ActiveCfg = Debug|Any CPU
		{3942C6E7-9560-414C-9B34-03C7C2C402A7}.Debug|x86.Build.0 = Debug|Any CPU
		{3942C6E7-9560-414C-9B34-03C7C2C402A7}.Release|Any CPU.ActiveCfg = Release|Any CPU
		{3942C6E7-9560-414C-9B34-03C7C2C402A7}.Release|Any CPU.Build.0 = Release|Any CPU
		{3942C6E7-9560-414C-9B34-03C7C2C402A7}.Release|x64.ActiveCfg = Release|Any CPU
		{3942C6E7-9560-414C-9B34-03C7C2C402A7}.Release|x64.Build.0 = Release|Any CPU
		{3942C6E7-9560-414C-9B34-03C7C2C402A7}.Release|x86.ActiveCfg = Release|Any CPU
		{3942C6E7-9560-414C-9B34-03C7C2C402A7}.Release|x86.Build.0 = Release|Any CPU
		{2996E7D7-D122-4EF9-BB25-44C12AC2023A}.Debug|Any CPU.ActiveCfg = Debug|Any CPU
		{2996E7D7-D122-4EF9-BB25-44C12AC2023A}.Debug|Any CPU.Build.0 = Debug|Any CPU
		{2996E7D7-D122-4EF9-BB25-44C12AC2023A}.Debug|x64.ActiveCfg = Debug|Any CPU
		{2996E7D7-D122-4EF9-BB25-44C12AC2023A}.Debug|x64.Build.0 = Debug|Any CPU
		{2996E7D7-D122-4EF9-BB25-44C12AC2023A}.Debug|x86.ActiveCfg = Debug|Any CPU
		{2996E7D7-D122-4EF9-BB25-44C12AC2023A}.Debug|x86.Build.0 = Debug|Any CPU
		{2996E7D7-D122-4EF9-BB25-44C12AC2023A}.Release|Any CPU.ActiveCfg = Release|Any CPU
		{2996E7D7-D122-4EF9-BB25-44C12AC2023A}.Release|Any CPU.Build.0 = Release|Any CPU
		{2996E7D7-D122-4EF9-BB25-44C12AC2023A}.Release|x64.ActiveCfg = Release|Any CPU
		{2996E7D7-D122-4EF9-BB25-44C12AC2023A}.Release|x64.Build.0 = Release|Any CPU
		{2996E7D7-D122-4EF9-BB25-44C12AC2023A}.Release|x86.ActiveCfg = Release|Any CPU
		{2996E7D7-D122-4EF9-BB25-44C12AC2023A}.Release|x86.Build.0 = Release|Any CPU
	EndGlobalSection
	GlobalSection(SolutionProperties) = preSolution
		HideSolutionNode = FALSE
	EndGlobalSection
	GlobalSection(NestedProjects) = preSolution
		{CD5933A2-7300-4413-B63C-BB9E58603FC1} = {CEFE507C-9A7D-8152-DDD5-0AC4BC64A30C}
		{63BBD175-9AA3-4846-9A00-C80A48C7718C} = {CEFE507C-9A7D-8152-DDD5-0AC4BC64A30C}
		{C9DE730E-8545-4943-AAC0-482616EE926B} = {CEFE507C-9A7D-8152-DDD5-0AC4BC64A30C}
		{0130E24C-6DE1-4851-B945-500B6689B2A5} = {83061FD3-D5A5-EA21-7A6E-BC2F698C0878}
		{64D0ED33-9046-445A-93D3-61CF56CE07AE} = {CEFE507C-9A7D-8152-DDD5-0AC4BC64A30C}
		{94077F6E-49CA-4301-A88C-FA42D67385F2} = {83061FD3-D5A5-EA21-7A6E-BC2F698C0878}
		{9F41B234-B30D-484E-B0CE-A97ADD2D7D51} = {83061FD3-D5A5-EA21-7A6E-BC2F698C0878}
		{3942C6E7-9560-414C-9B34-03C7C2C402A7} = {83061FD3-D5A5-EA21-7A6E-BC2F698C0878}
		{2996E7D7-D122-4EF9-BB25-44C12AC2023A} = {AFC96DD0-A731-F1CE-AF66-3AAC2EE83C7D}
	EndGlobalSection
	GlobalSection(ExtensibilityGlobals) = postSolution
		SolutionGuid = {C1EB8EEE-7A02-456A-B080-1E7567E89EC0}
	EndGlobalSection
EndGlobal
