
Microsoft Visual Studio Solution File, Format Version 12.00
# Visual Studio Version 17
VisualStudioVersion = 17.5.2.0
MinimumVisualStudioVersion = 10.0.40219.1
Project("{2150E333-8FDC-42A3-9474-1A3956D46DE8}") = "Ejercicio-1", "Ejercicio-1", "{730A18CD-756E-BB64-0EC6-6D73E6974C81}"
EndProject
Project("{FAE04EC0-301F-11D3-BF4B-00C04F79EFBC}") = "ejercicio-1", "Ejercicio-1\ejercicio-1\ejercicio-1.csproj", "{09632567-082C-435C-2D7E-3C162B487512}"
EndProject
Project("{FAE04EC0-301F-11D3-BF4B-00C04F79EFBC}") = "ejercicio 3", "ejercicio 3\ejercicio 3.csproj", "{736B6D07-1A53-42BC-A0BE-4981B40EF13E}"
EndProject
Project("{FAE04EC0-301F-11D3-BF4B-00C04F79EFBC}") = "ejercicio 1", "ejercicio 1\ejercicio 1.csproj", "{29DF2716-E22F-4605-BAE7-BABFF403376D}"
EndProject
Global
	GlobalSection(SolutionConfigurationPlatforms) = preSolution
		Debug|Any CPU = Debug|Any CPU
		Debug|x64 = Debug|x64
		Debug|x86 = Debug|x86
		Release|Any CPU = Release|Any CPU
		Release|x64 = Release|x64
		Release|x86 = Release|x86
	EndGlobalSection
	GlobalSection(ProjectConfigurationPlatforms) = postSolution
		{09632567-082C-435C-2D7E-3C162B487512}.Debug|Any CPU.ActiveCfg = Debug|Any CPU
		{09632567-082C-435C-2D7E-3C162B487512}.Debug|Any CPU.Build.0 = Debug|Any CPU
		{09632567-082C-435C-2D7E-3C162B487512}.Debug|x64.ActiveCfg = Debug|Any CPU
		{09632567-082C-435C-2D7E-3C162B487512}.Debug|x64.Build.0 = Debug|Any CPU
		{09632567-082C-435C-2D7E-3C162B487512}.Debug|x86.ActiveCfg = Debug|Any CPU
		{09632567-082C-435C-2D7E-3C162B487512}.Debug|x86.Build.0 = Debug|Any CPU
		{09632567-082C-435C-2D7E-3C162B487512}.Release|Any CPU.ActiveCfg = Release|Any CPU
		{09632567-082C-435C-2D7E-3C162B487512}.Release|Any CPU.Build.0 = Release|Any CPU
		{09632567-082C-435C-2D7E-3C162B487512}.Release|x64.ActiveCfg = Release|Any CPU
		{09632567-082C-435C-2D7E-3C162B487512}.Release|x64.Build.0 = Release|Any CPU
		{09632567-082C-435C-2D7E-3C162B487512}.Release|x86.ActiveCfg = Release|Any CPU
		{09632567-082C-435C-2D7E-3C162B487512}.Release|x86.Build.0 = Release|Any CPU
		{736B6D07-1A53-42BC-A0BE-4981B40EF13E}.Debug|Any CPU.ActiveCfg = Debug|Any CPU
		{736B6D07-1A53-42BC-A0BE-4981B40EF13E}.Debug|Any CPU.Build.0 = Debug|Any CPU
		{736B6D07-1A53-42BC-A0BE-4981B40EF13E}.Debug|x64.ActiveCfg = Debug|Any CPU
		{736B6D07-1A53-42BC-A0BE-4981B40EF13E}.Debug|x64.Build.0 = Debug|Any CPU
		{736B6D07-1A53-42BC-A0BE-4981B40EF13E}.Debug|x86.ActiveCfg = Debug|Any CPU
		{736B6D07-1A53-42BC-A0BE-4981B40EF13E}.Debug|x86.Build.0 = Debug|Any CPU
		{736B6D07-1A53-42BC-A0BE-4981B40EF13E}.Release|Any CPU.ActiveCfg = Release|Any CPU
		{736B6D07-1A53-42BC-A0BE-4981B40EF13E}.Release|Any CPU.Build.0 = Release|Any CPU
		{736B6D07-1A53-42BC-A0BE-4981B40EF13E}.Release|x64.ActiveCfg = Release|Any CPU
		{736B6D07-1A53-42BC-A0BE-4981B40EF13E}.Release|x64.Build.0 = Release|Any CPU
		{736B6D07-1A53-42BC-A0BE-4981B40EF13E}.Release|x86.ActiveCfg = Release|Any CPU
		{736B6D07-1A53-42BC-A0BE-4981B40EF13E}.Release|x86.Build.0 = Release|Any CPU
		{29DF2716-E22F-4605-BAE7-BABFF403376D}.Debug|Any CPU.ActiveCfg = Debug|Any CPU
		{29DF2716-E22F-4605-BAE7-BABFF403376D}.Debug|Any CPU.Build.0 = Debug|Any CPU
		{29DF2716-E22F-4605-BAE7-BABFF403376D}.Debug|x64.ActiveCfg = Debug|Any CPU
		{29DF2716-E22F-4605-BAE7-BABFF403376D}.Debug|x64.Build.0 = Debug|Any CPU
		{29DF2716-E22F-4605-BAE7-BABFF403376D}.Debug|x86.ActiveCfg = Debug|Any CPU
		{29DF2716-E22F-4605-BAE7-BABFF403376D}.Debug|x86.Build.0 = Debug|Any CPU
		{29DF2716-E22F-4605-BAE7-BABFF403376D}.Release|Any CPU.ActiveCfg = Release|Any CPU
		{29DF2716-E22F-4605-BAE7-BABFF403376D}.Release|Any CPU.Build.0 = Release|Any CPU
		{29DF2716-E22F-4605-BAE7-BABFF403376D}.Release|x64.ActiveCfg = Release|Any CPU
		{29DF2716-E22F-4605-BAE7-BABFF403376D}.Release|x64.Build.0 = Release|Any CPU
		{29DF2716-E22F-4605-BAE7-BABFF403376D}.Release|x86.ActiveCfg = Release|Any CPU
		{29DF2716-E22F-4605-BAE7-BABFF403376D}.Release|x86.Build.0 = Release|Any CPU
	EndGlobalSection
	GlobalSection(SolutionProperties) = preSolution
		HideSolutionNode = FALSE
	EndGlobalSection
	GlobalSection(NestedProjects) = preSolution
		{09632567-082C-435C-2D7E-3C162B487512} = {730A18CD-756E-BB64-0EC6-6D73E6974C81}
	EndGlobalSection
	GlobalSection(ExtensibilityGlobals) = postSolution
		SolutionGuid = {775BF10A-B6B4-4FE2-8BCE-DEA40F28DEB8}
	EndGlobalSection
EndGlobal
